
Microsoft Visual Studio Solution File, Format Version 12.00
# Visual Studio Version 17
VisualStudioVersion = 17.3.32922.545
MinimumVisualStudioVersion = 10.0.40219.1
Project("{FAE04EC0-301F-11D3-BF4B-00C04F79EFBC}") = "KruzerApp", "KruzerApp\KruzerApp.csproj", "{0C768DDE-8812-40C1-90FE-5C95F5083C5B}"
EndProject
Global
	GlobalSection(SolutionConfigurationPlatforms) = preSolution
		Debug|Any CPU = Debug|Any CPU
		Release|Any CPU = Release|Any CPU
	EndGlobalSection
	GlobalSection(ProjectConfigurationPlatforms) = postSolution
		{0C768DDE-8812-40C1-90FE-5C95F5083C5B}.Debug|Any CPU.ActiveCfg = Debug|Any CPU
		{0C768DDE-8812-40C1-90FE-5C95F5083C5B}.Debug|Any CPU.Build.0 = Debug|Any CPU
		{0C768DDE-8812-40C1-90FE-5C95F5083C5B}.Release|Any CPU.ActiveCfg = Release|Any CPU
		{0C768DDE-8812-40C1-90FE-5C95F5083C5B}.Release|Any CPU.Build.0 = Release|Any CPU
	EndGlobalSection
	GlobalSection(SolutionProperties) = preSolution
		HideSolutionNode = FALSE
	EndGlobalSection
	GlobalSection(ExtensibilityGlobals) = postSolution
		SolutionGuid = {48D77C1B-46C6-4D82-84BD-0144A12C070A}
	EndGlobalSection
EndGlobal
