
Microsoft Visual Studio Solution File, Format Version 12.00
# Visual Studio Version 16
VisualStudioVersion = 16.0.32901.82
MinimumVisualStudioVersion = 10.0.40219.1
Project("{F2A71F9B-5D33-465A-A702-920D77279786}") = "KruzerApp", "KruzerApp\KruzerApp.fsproj", "{0222AFE9-7A45-4DC3-966C-C58B9BF325DA}"
EndProject
Global
	GlobalSection(SolutionConfigurationPlatforms) = preSolution
		Debug|Any CPU = Debug|Any CPU
		Release|Any CPU = Release|Any CPU
	EndGlobalSection
	GlobalSection(ProjectConfigurationPlatforms) = postSolution
		{0222AFE9-7A45-4DC3-966C-C58B9BF325DA}.Debug|Any CPU.ActiveCfg = Debug|Any CPU
		{0222AFE9-7A45-4DC3-966C-C58B9BF325DA}.Debug|Any CPU.Build.0 = Debug|Any CPU
		{0222AFE9-7A45-4DC3-966C-C58B9BF325DA}.Release|Any CPU.ActiveCfg = Release|Any CPU
		{0222AFE9-7A45-4DC3-966C-C58B9BF325DA}.Release|Any CPU.Build.0 = Release|Any CPU
	EndGlobalSection
	GlobalSection(SolutionProperties) = preSolution
		HideSolutionNode = FALSE
	EndGlobalSection
	GlobalSection(ExtensibilityGlobals) = postSolution
		SolutionGuid = {69F080E7-8516-4E94-9B7E-F997B59997EF}
	EndGlobalSection
EndGlobal
