
Microsoft Visual Studio Solution File, Format Version 12.00
# Visual Studio Version 16
VisualStudioVersion = 16.0.32901.82
MinimumVisualStudioVersion = 10.0.40219.1
Project("{FAE04EC0-301F-11D3-BF4B-00C04F79EFBC}") = "KruzerApp", "KruzerApp\KruzerApp.csproj", "{CEA30428-A517-4B31-B1A3-E1D4E4C421C3}"
EndProject
Global
	GlobalSection(SolutionConfigurationPlatforms) = preSolution
		Debug|Any CPU = Debug|Any CPU
		Release|Any CPU = Release|Any CPU
	EndGlobalSection
	GlobalSection(ProjectConfigurationPlatforms) = postSolution
		{CEA30428-A517-4B31-B1A3-E1D4E4C421C3}.Debug|Any CPU.ActiveCfg = Debug|Any CPU
		{CEA30428-A517-4B31-B1A3-E1D4E4C421C3}.Debug|Any CPU.Build.0 = Debug|Any CPU
		{CEA30428-A517-4B31-B1A3-E1D4E4C421C3}.Release|Any CPU.ActiveCfg = Release|Any CPU
		{CEA30428-A517-4B31-B1A3-E1D4E4C421C3}.Release|Any CPU.Build.0 = Release|Any CPU
	EndGlobalSection
	GlobalSection(SolutionProperties) = preSolution
		HideSolutionNode = FALSE
	EndGlobalSection
	GlobalSection(ExtensibilityGlobals) = postSolution
		SolutionGuid = {925C456A-0FD3-4FDF-96E6-4D957488BEE4}
	EndGlobalSection
EndGlobal
